
Microsoft Visual Studio Solution File, Format Version 12.00
# Visual Studio Version 16
VisualStudioVersion = 16.0.31019.35
MinimumVisualStudioVersion = 10.0.40219.1
Project("{FAE04EC0-301F-11D3-BF4B-00C04F79EFBC}") = "Shorter.Test", "Shorter.Test\Shorter.Test.csproj", "{B12C8C0F-8610-45EC-B784-9D7BCF5FCA26}"
EndProject
Project("{FAE04EC0-301F-11D3-BF4B-00C04F79EFBC}") = "Shorter.Core", "Shorter.Core\Shorter.Core.csproj", "{0F98CD73-BFD3-4603-8182-4D6413F5EC3F}"
EndProject
Global
	GlobalSection(SolutionConfigurationPlatforms) = preSolution
		Debug|Any CPU = Debug|Any CPU
		Release|Any CPU = Release|Any CPU
	EndGlobalSection
	GlobalSection(ProjectConfigurationPlatforms) = postSolution
		{B12C8C0F-8610-45EC-B784-9D7BCF5FCA26}.Debug|Any CPU.ActiveCfg = Debug|Any CPU
		{B12C8C0F-8610-45EC-B784-9D7BCF5FCA26}.Debug|Any CPU.Build.0 = Debug|Any CPU
		{B12C8C0F-8610-45EC-B784-9D7BCF5FCA26}.Release|Any CPU.ActiveCfg = Release|Any CPU
		{B12C8C0F-8610-45EC-B784-9D7BCF5FCA26}.Release|Any CPU.Build.0 = Release|Any CPU
		{0F98CD73-BFD3-4603-8182-4D6413F5EC3F}.Debug|Any CPU.ActiveCfg = Debug|Any CPU
		{0F98CD73-BFD3-4603-8182-4D6413F5EC3F}.Debug|Any CPU.Build.0 = Debug|Any CPU
		{0F98CD73-BFD3-4603-8182-4D6413F5EC3F}.Release|Any CPU.ActiveCfg = Release|Any CPU
		{0F98CD73-BFD3-4603-8182-4D6413F5EC3F}.Release|Any CPU.Build.0 = Release|Any CPU
	EndGlobalSection
	GlobalSection(SolutionProperties) = preSolution
		HideSolutionNode = FALSE
	EndGlobalSection
	GlobalSection(ExtensibilityGlobals) = postSolution
		SolutionGuid = {1236750A-CD99-4C27-A333-1CA0E46C7CC2}
	EndGlobalSection
EndGlobal
